# Auto-generated. DO NOT EDIT MANUALLY.
# Tracks the state of all config files for team conflict resolution.

generated_at: 2026-05-25T16:58:43.008Z
generated_by: serhii
lib_version: 0.18.1
checksums:
  agents/code-debugger.md: sha256:33452bf839256a119a602cd10d085bff3cdb8f537ded76e60053bb9d8e5d33bc
  agents/code-documenter.md: sha256:89b4ebd27718bcd50a7283c95ea1ff9cad153b1112cf695f9f1fc22d90ec85ec
  agents/code-refactor.md: sha256:f6619f6fedcb361b09816648fcfe29db2c148d775baf3643baa5c6257ec455dc
  agents/code-reviewer.md: sha256:9eed4a46d4016dc0bfeb3c84ca2ba5fc5dd1cdadfdc457c8bd528e51906dd001
  agents/code-security-auditor.md: sha256:3d2de9f3164ec151172722aa83f1a3085c4192a0c7102dbc5e5527e7a4cc920d
  agents/code-standards-enforcer.md: sha256:d991867074f659c8293fd4a8632727e30d063a877fa12d2136f1685de0438ee5
  agents/test-runner.md: sha256:9c2a85af8932c41c76246de3221cd9c3c0a9d1a2e99912346cc1e0bc2fa83758
  agents/typescript-developer.md: sha256:2e11e619726fac18243a8d7c3ec9e21784b6fb711efde20e786330d0daef733a
  commands/commit.md: sha256:3e6dcc5871ad157c36efe19c162b43cdc0d723a8695fb0d45c1f90cc28fa931c
  commands/review.md: sha256:ba3053410e7cc3271f41ba329056df07c6ccd2f07e2ed3dda601c56e46a77d54
  commands/test.md: sha256:a60932b216ff9eb407c2b38e4459ac4b9606a3aed275f4af84a646eb6c2937e7
  hooks.yaml: sha256:efe5019c1c61ad2df956e5e3bb54d4b9349b419fb9af008490bc1c77083facfe
  ignore: sha256:53ad60cb2c945a41619fbb5dd0d43559c8461e4cb35e30f4d98b901c73766e12
  mcp.json: sha256:963782b54cbea4ef4686fd036e87332e1a61042579916222991429e359654921
  permissions.yaml: sha256:c806acb62daf533af836dc113be37e9840a2a9b3e21b984c5909fcfb16eb52f2
  rules/_root.md: sha256:f54ee412c420830b78e0d01fdd4c90767df01f5730902bcb4fe59ba62db17bb4
  rules/typescript.md: sha256:18f52143dfdd3e219a5c6d6c0feb7283fe74cce99458c46dafcd1c3620ad4fba
  skills/add-agent-target/SKILL.md: sha256:b425055659d29f74dbbe97966f6396e918d96cb0736d1448217656cf26b410f6
  skills/add-agent-target/references/target-addition-checklist.md: sha256:3b658fc204d33995cb15281af1696d8ded09abac26455382c3e8472a1fddafca
  skills/add-global-mode-target/SKILL.md: sha256:88347b6ff928213abaf37d110d252bc51c999a44f3463cbfb328cfb15609f3d5
  skills/add-global-mode-target/references/global-mode-target-checklist.md: sha256:61f8827978f90ee079e2dfd426ef25b17e77c71d9f79c5f81ebc700379f6fafc
  skills/changelog-generator/SKILL.md: sha256:0973622bc8b1e48f4de7eef712dfad42740fe8252f1632ef14a5a7f44d34a4d3
  skills/code-reviewer/SKILL.md: sha256:e6a351ab4631028f49529b5b1c3bd315e6c44fabad6a4ea05e5a30243115a847
  skills/code-reviewer/references/code_review_checklist.md: sha256:846dbd15ebbba70f8142879efe72aecf79ca1bd7a1b27a19364d1e8989a478c0
  skills/code-reviewer/references/coding_standards.md: sha256:702010dd97df3cbdd67928e209a72725629908dd4635ba00947fb715352eba8b
  skills/code-reviewer/references/common_antipatterns.md: sha256:4370210aa18b2b3fc908ec25ada7a6b677350bf6e250cc91d5946119df12bb76
  skills/code-reviewer/scripts/code_quality_checker.py: sha256:dfb5146145f950ff2882d3e7c8c573d62ed2b1912ce78cb7a71463f7aa1bcc96
  skills/code-reviewer/scripts/pr_analyzer.py: sha256:ced1ebc860269807f93749f04526981c47ae2512807c4a4fdc5cf500a207cb53
  skills/code-reviewer/scripts/review_report_generator.py: sha256:3708949957ade7338b03949d9cd61c1083f14778bea71f19516de4f99518c6d0
  skills/docs-and-examples/SKILL.md: sha256:3339fe5adc40866cc6d9c75f3b452056ff144ecdaa9b4e7e14c412088948b9be
  skills/homebrew-packaging/SKILL.md: sha256:eb0e1a2075c53efe70bbae7cb6996049ebe75a5b0a40ccb5326f051f07c4e02a
  skills/library-testing/SKILL.md: sha256:750c0819d76fd3585f4103b772968823f2aecfe31bd2741d5a154c6d5d56903c
  skills/package-release-engineering/SKILL.md: sha256:e2f26fc8d2ab1dca6547e906dd8e044d52339da6c2ca096b8f36f2bd4ecb1664
  skills/post-feature-qa/SKILL.md: sha256:718b292a72e03a890018da90005b184439d0e180b1f3a6708a7606b2024d9eaa
  skills/post-feature-qa/references/edge-case-checklist.md: sha256:77bb7a50f3dd281003e146a5313a85799603739e049646502904d0b7b8451c70
  skills/prepare-release/SKILL.md: sha256:317c425107b1969a2372b430541e21c85a91715f24acf1e0267ac26e734cddb3
  skills/quality-gates/SKILL.md: sha256:0b7225be0afd7a9528904e4aae9816aaecc8915f0eecba987676f936ac6c06f3
  skills/release-manager/README.md: sha256:843ec66e67981e89493d55fd7aa0f68a98cf7bf6c5a23175e7f6bb2e79585c76
  skills/release-manager/SKILL.md: sha256:bef37ef3b482776f344fc3bc841bda06a588e6d0adc167fbc8f434c5449266e5
  skills/release-manager/assets/sample_commits.json: sha256:83a0b9c9bcb198e18bc6943a98610c8b1f4cd827d7b82806b8e1b4b531dc6f9b
  skills/release-manager/assets/sample_git_log.txt: sha256:8de6b9810ff92d673ea497612026efa32f1805c285bd92b7c8818f59c15d2107
  skills/release-manager/assets/sample_git_log_full.txt: sha256:e003097525fb381aa6717d090d2a24f51e6b3ed26493d62f95e80d0631256197
  skills/release-manager/assets/sample_release_plan.json: sha256:96e287d13b56d87241aa18b5a8ebc40ebad7da81a4f9c402f2641e39ddd0289c
  skills/release-manager/changelog_generator.py: sha256:db52fe962f0a65132ae8d8dc086e6851ea1a31fbe4eaf472bd8d47e835610916
  skills/release-manager/expected_outputs/changelog_example.md: sha256:db0473ccfc403e36f026eea48bdf4bbcb7cf1d22778a114207019ff74a33b405
  skills/release-manager/expected_outputs/release_readiness_example.txt: sha256:2639f7b408d6f99b9a95c09b8f5718fb8e75674b737d9727146507ba873c942d
  skills/release-manager/expected_outputs/version_bump_example.txt: sha256:ae1d73bcec7667d4f528604205f79a792c5198e8cdb27ff2c025eae8c5b18526
  skills/release-manager/references/conventional-commits-guide.md: sha256:502f3bd42b4796bc75abb52b4eefb62156267176a4017681eab2d63d2197302d
  skills/release-manager/references/hotfix-procedures.md: sha256:7b5b85c6a40fc48af84bc612229ba774f29c3329486117b6600a52fc0370f640
  skills/release-manager/references/release-workflow-comparison.md: sha256:b971e0aa1ceab4627a7e52060cb1829520e0aaf51b6881661d694134436ebc1a
  skills/release-manager/release_planner.py: sha256:508c8747a97fe08346750172be3d44f83559c8fe719f4024988de09ff71db05a
  skills/release-manager/version_bumper.py: sha256:1423be76d7376cee055ef47bcf6fd5f0f7d0b444e2f807cfb8dcc9dd11dddf11
  skills/security-best-practices/LICENSE.txt: sha256:4dd13869245e356246a5b770723247bbb80a8f07a181d1d3d873a1734297cdb9
  skills/security-best-practices/SKILL.md: sha256:dbfacda6707a1fa547d9593c419432467f38c61dfd83e760ac532e3de06e1e60
  skills/security-best-practices/agents/openai.yaml: sha256:6e9c6f2edce448eb2b589f81ad6e3f722665021785513bcbfd0bf7b86b529171
  skills/security-best-practices/references/golang-general-backend-security.md: sha256:a73c47c34497b120672d48411fe51dc90d426a571801a0b3f649e2ce4ec658b4
  skills/security-best-practices/references/javascript-express-web-server-security.md: sha256:427835cbb5be7ba96172ea6ca9af80ddd4419c833e9ebf870996740c80d8406c
  skills/security-best-practices/references/javascript-general-web-frontend-security.md: sha256:3a7bc7b3f6e7ff043db9dbaa8933894d7a19d987d0607e4ddae5d70184a63d63
  skills/security-best-practices/references/javascript-jquery-web-frontend-security.md: sha256:bcbad2fa6c2a02709e47e889e70102c76886bf36bc798624d27db570eccf40da
  skills/security-best-practices/references/javascript-typescript-nextjs-web-server-security.md: sha256:71c773f7a97ce60c853adfa100b3d88b3b7bc4c6b8acaef1432ffabd923ee182
  skills/security-best-practices/references/javascript-typescript-react-web-frontend-security.md: sha256:d3030c0f24bddb56b9bbb91bbec1ee49eb7778bce4d3e0297b2641b2fc6b0d9c
  skills/security-best-practices/references/javascript-typescript-vue-web-frontend-security.md: sha256:77c6a747f9f17e3df03aad0fcb20d99ac7898001b81aef8b80908e45ac14a688
  skills/security-best-practices/references/python-django-web-server-security.md: sha256:c6b461ea359b5d506094bff489436bb3bd6bcd009041af603c147da9e15d3713
  skills/security-best-practices/references/python-fastapi-web-server-security.md: sha256:2dde9ea2fdbbc1eb137bf08087b9711b0b8fdd9d010e16ed3a11adce73423b14
  skills/security-best-practices/references/python-flask-web-server-security.md: sha256:9606d69190c04c167fdeac57e61297547a57b0542fd89dede36f355970446929
  skills/security-ownership-map/LICENSE.txt: sha256:4dd13869245e356246a5b770723247bbb80a8f07a181d1d3d873a1734297cdb9
  skills/security-ownership-map/SKILL.md: sha256:f1dcf48a1540e297be06e6faa8cf98bd4ec72fe65486b74927b11f604b9517cb
  skills/security-ownership-map/agents/openai.yaml: sha256:40877a3cdb1753aa187fc85a83bc138a866a1edb74165e009c885cfb6a16e433
  skills/security-ownership-map/references/neo4j-import.md: sha256:176d0ef2ed3588530ed65ccda7cb30ae322e4cbec5c374dba5d1685e2bb9dd02
  skills/security-ownership-map/scripts/build_ownership_map.py: sha256:c0454c47c7eb001b6e247cd7e473df1b28a3a148a2dca6b2fe88a74a7602cc9b
  skills/security-ownership-map/scripts/community_maintainers.py: sha256:95adec5458cc85b41d0ae7965b0a17e4e8eaa6aaab274459324580d9a91cc3cc
  skills/security-ownership-map/scripts/query_ownership.py: sha256:0f8d1a1ac3ef807a9b66939a8cdfd02564f4cda018489a3664d37f8c3a7b1b93
  skills/security-ownership-map/scripts/run_ownership_map.py: sha256:11b2d3dcf26fc5951223a07b3391e6cdd50548b8e187028ffc83884c62b35dc3
  skills/senior-developer-autonomous-execution/SKILL.md: sha256:767c18204698ce8ad5d775e1533f463abc953a970122deaa5cf19428299d8900
  skills/senior-developer-avoid-any/SKILL.md: sha256:e320425845df33952964f14555693638e944f70e833e881368ef21e92bb54bd4
  skills/senior-developer-configuration-and-credentials/SKILL.md: sha256:8d8f4f481abd846dcd70e42112a9c15e3ee900e0a61fac47faf654b085c83f2b
  skills/senior-developer-no-unsolicited-summaries/SKILL.md: sha256:c945fd517fbcd609b8f62143cfbc9955539a94bf05e805aaf0f5269c16beaeda
  skills/senior-developer-post-test-cleanup/SKILL.md: sha256:3db15256fe6fd66434a22fa7e82e7343cd05200029fd36f007b45dc899d5082e
  skills/senior-developer-professional-communication/SKILL.md: sha256:7ceef8bfee7031a71d5a877533768b8950b292a233726c5e3a219ef3cd117aca
  skills/senior-developer-quality-completion-standards/SKILL.md: sha256:498c92344fe51dc16f6cd4be403523f4e970e3b66873c7257a1ffb276c679005
  skills/senior-developer-quick-reference/SKILL.md: sha256:8b8cc4b5694dad02cdaa599a237dd8f2333d2694f5a3f205c7d8913816eed10c
  skills/senior-developer-research-first-protocol/SKILL.md: sha256:cd3c9dfed5cb96916d8c88fe8f8dd414222bb48014219e62f346fe2bec344434
  skills/senior-developer-run-tests-after-features/SKILL.md: sha256:4ebc6d08d108ce3a2cb6343429dffcd6d04c96b4fc83615c41940379d4461c1b
  skills/senior-developer-scripts-and-automation-growth/SKILL.md: sha256:1e190025450304c4bc44e9481ab3a6b6fd9ae603d55fc326158b667dc2d6c0cb
  skills/senior-developer-search-and-paths/SKILL.md: sha256:6772d12d17e3af91d2b0f36f7a643d1d4492087648a7c5f0bbda2d2bea185158
  skills/senior-developer-source-of-truth/SKILL.md: sha256:728ed933f3419104a99a2cfbf1ec83c471a77b920868c8d124cbbc752385b636
  skills/senior-developer-tool-and-command-execution/SKILL.md: sha256:656c52c4c555512faa41574e2c1c07d07bcf0d1de3699ce921d7b97290608ac2
  skills/senior-manual-qa/SKILL.md: sha256:373bf120b6793665818f0fc65ece18fab11a208e185c650cb3184b2ec568ab38
  skills/ts-library/SKILL.md: sha256:bd49e2f16aaf2917d14d3b9525cd46177fcd3844b6c1c365b9cb504b20fc352f
  skills/ts-library/build/tooling.md: sha256:aa7b200a095d1b4b4f18a6a05d309d9470a5c8f5c3a06743d6cbc7596fd5e32c
  skills/ts-library/patterns/api.md: sha256:c5818923481131861d7413bd8b0459886e85eda57264265c179eafe177ba1ee0
  skills/ts-library/patterns/types.md: sha256:222a510c39f34bef5b8024a99a62aa4492bb887d81330adccd004b0e1b838b5d
  skills/ts-library/references/api-design.md: sha256:c5818923481131861d7413bd8b0459886e85eda57264265c179eafe177ba1ee0
  skills/ts-library/references/build-tooling.md: sha256:aa7b200a095d1b4b4f18a6a05d309d9470a5c8f5c3a06743d6cbc7596fd5e32c
  skills/ts-library/references/ci-workflows.md: sha256:cdf0b3df56bcff31cc2137f2f4075f77b72546931a85bbbec641a4e3970fe6c2
  skills/ts-library/references/eslint-config.md: sha256:e370b7948b50c24ddfd3103a4e05921fd0dd2471946fd4bd95232335ee70900a
  skills/ts-library/references/package-exports.md: sha256:cfa2d91bd56972e4985ae8c550b6001aca0f85390b6d0124652def40bec79da4
  skills/ts-library/references/project-setup.md: sha256:2c48c69f958dbc84d435513df0b8ba0d1d507b72d8eb3033c3413f70875ee18b
  skills/ts-library/references/release.md: sha256:30a4aa9c9edfcaa73de34ddddb95359239305569aaa3eaa601dcba386c956db4
  skills/ts-library/references/testing.md: sha256:d83a631377a801db6a47440eec4d26ca454ea1355c231ec57537d6cddebaf860
  skills/ts-library/references/type-patterns.md: sha256:222a510c39f34bef5b8024a99a62aa4492bb887d81330adccd004b0e1b838b5d
  skills/ts-library/references/typescript-config.md: sha256:ce9ef4c2aac48d3caf5632eaab185e28c07374a7ee5a45474c2e39508796272f
  skills/ts-library/setup/exports.md: sha256:cfa2d91bd56972e4985ae8c550b6001aca0f85390b6d0124652def40bec79da4
  skills/ts-library/setup/project.md: sha256:2c48c69f958dbc84d435513df0b8ba0d1d507b72d8eb3033c3413f70875ee18b
  skills/ts-library/setup/tsconfig.md: sha256:ce9ef4c2aac48d3caf5632eaab185e28c07374a7ee5a45474c2e39508796272f
  skills/ts-library/workflows/ci.md: sha256:cdf0b3df56bcff31cc2137f2f4075f77b72546931a85bbbec641a4e3970fe6c2
  skills/ts-library/workflows/release.md: sha256:30a4aa9c9edfcaa73de34ddddb95359239305569aaa3eaa601dcba386c956db4
  skills/ts-library/workflows/testing.md: sha256:d83a631377a801db6a47440eec4d26ca454ea1355c231ec57537d6cddebaf860
  skills/ts-library-architecture/SKILL.md: sha256:d306afd2b4221ec8ca41f27943b71b320ff4e21242d09f785fd95818201e96cd
  skills/typescript-pro/SKILL.md: sha256:34ff884d2185acd44734f16c36720cad2e0e890df747bfa722480aa8e32fd991
  skills/typescript-pro/references/advanced-types.md: sha256:f7a7d3c04ca62b204105c3a4e561bceae79afec703f3176a8311b0a9b5272fb8
  skills/typescript-pro/references/configuration.md: sha256:912e324f97f06b66a1dd5d219b2db17694624ea071bf30fbe471892910455028
  skills/typescript-pro/references/patterns.md: sha256:67c93bad12fa3658237e767de45b1a6025c8474896fe8ed2d2bfc30643ca2e4e
  skills/typescript-pro/references/type-guards.md: sha256:86f0452f173414a37fd69ecdc663f42ec903b5eb1eaa9a3ebad213780e58b197
  skills/typescript-pro/references/utility-types.md: sha256:89856b5cfc91cad3f827d882e05ba229d3385adf52c3fa5c57f6cebe8833e5e6
  skills/typescript-quality-gates/SKILL.md: sha256:7deae185cdfbfd93c3f904c290d26a2fd9a4b9c5b5d754d3ddb2915282dedce7
extends:
  shared-samplexbro-rules: 0b393ecfeb7419d648d4c36203998d11ad3a0fdc
packs:
  addyosmani-agent-skills-pack: sha256:b4c71c032fdba5da4e20336a1c24b6d766a84d8fe70a14ba7188881444a47e05
  alirezarezvani-claude-skills-skills: sha256:343398a678251a447d73e7b45d577e620e727e10e45c34f01208f3b42ed2c8db
  composiohq-awesome-claude-skills-skills: sha256:6b63e9d8e01c904ed85fcff5dd9e368ab37e68b904b2170454c3104feb82cd3d
  devsforge-orchestrator-skills: sha256:9228afa4fd2aedaca2403e7c2afbce0c18e4204793ede6e649a777eed9eb3231
  joeking-ly-claude-skills-arsenal-skills: sha256:63b24277c3d09607506971957d40f95139385193eaf8b02a92d68ca6f8af15ec
  njengah-claude-code-cheat-sheet-agents: sha256:6b0a573bc4a725d0a5d38d323d19382f7a24bd948885d3555b94cbca47a05cbf
